{
  "name": "oe-db2-prjwork1",
  "version": "1.0.0",
  "lockfileVersion": 1,
  "requires": true,
  "dependencies": {
    "casual-browserify": {
      "version": "1.5.19",
      "resolved": "https://registry.npmjs.org/casual-browserify/-/casual-browserify-1.5.19.tgz",
      "integrity": "sha512-j3xhfvYQRWxxaYDr2jMwH4xBuTd9u3ZVsPR59PYJ8MX1TX4Aw1TipxZ1r1iYDmhauqBj1AmvH6vQcku2GvQhpQ==",
      "requires": {
        "mersenne-twister": "^1.0.1",
        "moment": "^2.15.2"
      }
    },
    "chance": {
      "version": "1.1.7",
      "resolved": "https://registry.npmjs.org/chance/-/chance-1.1.7.tgz",
      "integrity": "sha512-bua/2cZEfzS6qPm0vi3JEvGNbriDLcMj9lKxCQOjUcCJRcyjA7umP0zZm6bKWWlBN04vA0L99QGH/CZQawr0eg=="
    },
    "deeks": {
      "version": "2.3.0",
      "resolved": "https://registry.npmjs.org/deeks/-/deeks-2.3.0.tgz",
      "integrity": "sha512-mrNI+TSdnK5s2Gal4Fv3/RGcrYGtB4NC3tTXU1hu74tYsG9JS6SzNKLD8doq6UWsglouGwC86kXqB1pdO+9hyA=="
    },
    "doc-path": {
      "version": "2.3.0",
      "resolved": "https://registry.npmjs.org/doc-path/-/doc-path-2.3.0.tgz",
      "integrity": "sha512-RMZA8AXl0I78jI9odw0kFzOfQvBcCFLI6/ZtOs9PwogcL4DHc+sCUZQ34fkealJyqErJryYODVBOtO2IzU/CSw=="
    },
    "drange": {
      "version": "1.1.1",
      "resolved": "https://registry.npmjs.org/drange/-/drange-1.1.1.tgz",
      "integrity": "sha512-pYxfDYpued//QpnLIm4Avk7rsNtAtQkUES2cwAYSvD/wd2pKD71gN2Ebj3e7klzXwjocvE8c5vx/1fxwpqmSxA=="
    },
    "faker": {
      "version": "5.5.2",
      "resolved": "https://registry.npmjs.org/faker/-/faker-5.5.2.tgz",
      "integrity": "sha512-6G3lzZXWjWfqTJDS9KhHFIislZMGdrzDqews3T14E/dsANVbs3YT4A3jSNDrbA/gbtmjLuKJx9DzcLucdXBqBw=="
    },
    "json-2-csv": {
      "version": "3.10.3",
      "resolved": "https://registry.npmjs.org/json-2-csv/-/json-2-csv-3.10.3.tgz",
      "integrity": "sha512-GEvAkQ8dtvI9cD3VslY6TUtOYBzwlNF/4OzoVoiKXl+Ztd9VXL2SNQnYyXyqZCnKU3hwIfOoD9MdaWMMA2WOeg==",
      "requires": {
        "deeks": "2.3.0",
        "doc-path": "2.3.0"
      }
    },
    "lodash": {
      "version": "4.17.21",
      "resolved": "https://registry.npmjs.org/lodash/-/lodash-4.17.21.tgz",
      "integrity": "sha512-v2kDEe57lecTulaDIuNTPy3Ry4gLGJ6Z1O3vE1krgXZNrsQ+LFTGHVxVjcXPs17LhbZVGedAJv8XZ1tvj5FvSg=="
    },
    "mersenne-twister": {
      "version": "1.1.0",
      "resolved": "https://registry.npmjs.org/mersenne-twister/-/mersenne-twister-1.1.0.tgz",
      "integrity": "sha1-+RZhjuQ9cXnvz2Qb7EUx65Zwl4o="
    },
    "mocker-data-generator": {
      "version": "2.12.0",
      "resolved": "https://registry.npmjs.org/mocker-data-generator/-/mocker-data-generator-2.12.0.tgz",
      "integrity": "sha512-TE+JYb46On9xzTruZEO0Y1sgowE7C/fM4X+lWuBpCztDv9AjSnztnuAkcAgf+nH45DtT4Z9viLehhtXCps8wvA==",
      "requires": {
        "casual-browserify": "^1.5.19",
        "chance": "^1.1.7",
        "faker": "^5.3.1",
        "randexp": "^0.5.3",
        "tslib": "^2.1.0"
      }
    },
    "moment": {
      "version": "2.29.1",
      "resolved": "https://registry.npmjs.org/moment/-/moment-2.29.1.tgz",
      "integrity": "sha512-kHmoybcPV8Sqy59DwNDY3Jefr64lK/by/da0ViFcuA4DH0vQg5Q6Ze5VimxkfQNSC+Mls/Kx53s7TjP1RhFEDQ=="
    },
    "node-fetch": {
      "version": "2.6.1",
      "resolved": "https://registry.npmjs.org/node-fetch/-/node-fetch-2.6.1.tgz",
      "integrity": "sha512-V4aYg89jEoVRxRb2fJdAg8FHvI7cEyYdVAh94HH0UIK8oJxUfkjlDQN9RbMx+bEjP7+ggMiFRprSti032Oipxw=="
    },
    "randexp": {
      "version": "0.5.3",
      "resolved": "https://registry.npmjs.org/randexp/-/randexp-0.5.3.tgz",
      "integrity": "sha512-U+5l2KrcMNOUPYvazA3h5ekF80FHTUG+87SEAmHZmolh1M+i/WyTCxVzmi+tidIa1tM4BSe8g2Y/D3loWDjj+w==",
      "requires": {
        "drange": "^1.0.2",
        "ret": "^0.2.0"
      }
    },
    "ret": {
      "version": "0.2.2",
      "resolved": "https://registry.npmjs.org/ret/-/ret-0.2.2.tgz",
      "integrity": "sha512-M0b3YWQs7R3Z917WRQy1HHA7Ba7D8hvZg6UE5mLykJxQVE2ju0IXbGlaHPPlkY+WN7wFP+wUMXmBFA0aV6vYGQ=="
    },
    "tslib": {
      "version": "2.1.0",
      "resolved": "https://registry.npmjs.org/tslib/-/tslib-2.1.0.tgz",
      "integrity": "sha512-hcVC3wYEziELGGmEEXue7D75zbwIIVUMWAVbHItGPx0ziyXxrOMQx4rQEVEV45Ut/1IotuEvwqPopzIOkDMf0A=="
    }
  }
}
